
Microsoft Visual Studio Solution File, Format Version 12.00
# Visual Studio 15
VisualStudioVersion = 15.0.27130.0
MinimumVisualStudioVersion = 10.0.40219.1
Project("{2150E333-8FDC-42A3-9474-1A3956D46DE8}") = "Solution Items", "Solution Items", "{6C76765E-A3B3-4F90-AC24-7506CE06D7E2}"
	ProjectSection(SolutionItems) = preProject
		index.html = index.html
	EndProjectSection
EndProject
Project("{2150E333-8FDC-42A3-9474-1A3956D46DE8}") = "Javascript", "Javascript", "{0956A108-D268-425F-835F-348CAB58F7F9}"
	ProjectSection(SolutionItems) = preProject
		Javascript\layout.js = Javascript\layout.js
		Javascript\velocity.min.js = Javascript\velocity.min.js
		Javascript\velocity.ui.js = Javascript\velocity.ui.js
		Javascript\velocity.ui.min.js = Javascript\velocity.ui.min.js
	EndProjectSection
EndProject
Project("{2150E333-8FDC-42A3-9474-1A3956D46DE8}") = "Styles", "Styles", "{976134AE-E1BE-49E2-9022-B65D73D024E7}"
	ProjectSection(SolutionItems) = preProject
		Styles\layout.css = Styles\layout.css
	EndProjectSection
EndProject
Project("{2150E333-8FDC-42A3-9474-1A3956D46DE8}") = "SVG", "SVG", "{1A1E5662-A8B3-41AB-9063-A2D5B3BBC80C}"
	ProjectSection(SolutionItems) = preProject
		SVG\leftArrow.svg = SVG\leftArrow.svg
		SVG\rightArrow.svg = SVG\rightArrow.svg
	EndProjectSection
EndProject
Global
	GlobalSection(SolutionProperties) = preSolution
		HideSolutionNode = FALSE
	EndGlobalSection
	GlobalSection(NestedProjects) = preSolution
		{0956A108-D268-425F-835F-348CAB58F7F9} = {6C76765E-A3B3-4F90-AC24-7506CE06D7E2}
		{976134AE-E1BE-49E2-9022-B65D73D024E7} = {6C76765E-A3B3-4F90-AC24-7506CE06D7E2}
		{1A1E5662-A8B3-41AB-9063-A2D5B3BBC80C} = {6C76765E-A3B3-4F90-AC24-7506CE06D7E2}
	EndGlobalSection
	GlobalSection(ExtensibilityGlobals) = postSolution
		SolutionGuid = {C05D3A39-465E-429D-B5D1-56988F32247D}
	EndGlobalSection
EndGlobal
